
Microsoft Visual Studio Solution File, Format Version 12.00
# Visual Studio Version 16
VisualStudioVersion = 16.0.30709.132
MinimumVisualStudioVersion = 10.0.40219.1
Project("{9A19103F-16F7-4668-BE54-9A1E7A4F7556}") = "Zyzzyva", "Zyzzyva\Zyzzyva.csproj", "{47F7C62F-D6B9-401A-A5CA-92BE860909F0}"
EndProject
Project("{9A19103F-16F7-4668-BE54-9A1E7A4F7556}") = "SMRView", "SMRView\SMRView.csproj", "{3F7A8B82-3429-4955-8E76-B5579C088A21}"
EndProject
Project("{9A19103F-16F7-4668-BE54-9A1E7A4F7556}") = "ZyzzyvaTest", "ZyzzyvaTest\ZyzzyvaTest.csproj", "{F34A0969-2D8C-4524-8E3F-D5C05F9C6C04}"
EndProject
Project("{9A19103F-16F7-4668-BE54-9A1E7A4F7556}") = "ZyzzyvagRPC", "ZyzzyvagRPC\ZyzzyvagRPC.csproj", "{56F45514-B0B2-443F-BC63-6997032F6D5C}"
EndProject
Project("{9A19103F-16F7-4668-BE54-9A1E7A4F7556}") = "Progetto", "Progetto\Progetto.csproj", "{21E4876C-4FDD-4E19-AF8E-4B50BE71E024}"
EndProject
Project("{E53339B2-1760-4266-BCC7-CA923CBCF16C}") = "docker-compose", "docker-compose.dcproj", "{7C5E385A-3915-413C-BD69-D21A33AEA85C}"
EndProject
Global
	GlobalSection(SolutionConfigurationPlatforms) = preSolution
		Debug|Any CPU = Debug|Any CPU
		Release|Any CPU = Release|Any CPU
	EndGlobalSection
	GlobalSection(ProjectConfigurationPlatforms) = postSolution
		{47F7C62F-D6B9-401A-A5CA-92BE860909F0}.Debug|Any CPU.ActiveCfg = Debug|Any CPU
		{47F7C62F-D6B9-401A-A5CA-92BE860909F0}.Debug|Any CPU.Build.0 = Debug|Any CPU
		{47F7C62F-D6B9-401A-A5CA-92BE860909F0}.Release|Any CPU.ActiveCfg = Release|Any CPU
		{47F7C62F-D6B9-401A-A5CA-92BE860909F0}.Release|Any CPU.Build.0 = Release|Any CPU
		{3F7A8B82-3429-4955-8E76-B5579C088A21}.Debug|Any CPU.ActiveCfg = Debug|Any CPU
		{3F7A8B82-3429-4955-8E76-B5579C088A21}.Debug|Any CPU.Build.0 = Debug|Any CPU
		{3F7A8B82-3429-4955-8E76-B5579C088A21}.Release|Any CPU.ActiveCfg = Release|Any CPU
		{3F7A8B82-3429-4955-8E76-B5579C088A21}.Release|Any CPU.Build.0 = Release|Any CPU
		{F34A0969-2D8C-4524-8E3F-D5C05F9C6C04}.Debug|Any CPU.ActiveCfg = Debug|Any CPU
		{F34A0969-2D8C-4524-8E3F-D5C05F9C6C04}.Debug|Any CPU.Build.0 = Debug|Any CPU
		{F34A0969-2D8C-4524-8E3F-D5C05F9C6C04}.Release|Any CPU.ActiveCfg = Release|Any CPU
		{F34A0969-2D8C-4524-8E3F-D5C05F9C6C04}.Release|Any CPU.Build.0 = Release|Any CPU
		{56F45514-B0B2-443F-BC63-6997032F6D5C}.Debug|Any CPU.ActiveCfg = Debug|Any CPU
		{56F45514-B0B2-443F-BC63-6997032F6D5C}.Debug|Any CPU.Build.0 = Debug|Any CPU
		{56F45514-B0B2-443F-BC63-6997032F6D5C}.Release|Any CPU.ActiveCfg = Release|Any CPU
		{56F45514-B0B2-443F-BC63-6997032F6D5C}.Release|Any CPU.Build.0 = Release|Any CPU
		{21E4876C-4FDD-4E19-AF8E-4B50BE71E024}.Debug|Any CPU.ActiveCfg = Debug|Any CPU
		{21E4876C-4FDD-4E19-AF8E-4B50BE71E024}.Debug|Any CPU.Build.0 = Debug|Any CPU
		{21E4876C-4FDD-4E19-AF8E-4B50BE71E024}.Release|Any CPU.ActiveCfg = Release|Any CPU
		{21E4876C-4FDD-4E19-AF8E-4B50BE71E024}.Release|Any CPU.Build.0 = Release|Any CPU
		{7C5E385A-3915-413C-BD69-D21A33AEA85C}.Debug|Any CPU.ActiveCfg = Debug|Any CPU
		{7C5E385A-3915-413C-BD69-D21A33AEA85C}.Debug|Any CPU.Build.0 = Debug|Any CPU
		{7C5E385A-3915-413C-BD69-D21A33AEA85C}.Release|Any CPU.ActiveCfg = Release|Any CPU
		{7C5E385A-3915-413C-BD69-D21A33AEA85C}.Release|Any CPU.Build.0 = Release|Any CPU
	EndGlobalSection
	GlobalSection(SolutionProperties) = preSolution
		HideSolutionNode = FALSE
	EndGlobalSection
	GlobalSection(ExtensibilityGlobals) = postSolution
		SolutionGuid = {A0675736-C12E-4932-9886-0B6CC34368DC}
	EndGlobalSection
EndGlobal
